// !$*UTF8*$!
{
	archiveVersion = 1;
	classes = {
	};
	objectVersion = 70;
	objects = {
		C00000000000000000000001 = {isa = PBXFileReference; explicitFileType = "wrapper.app-extension"; includeInIndex = 0; path = WroughtWidgets.appex; sourceTree = BUILT_PRODUCTS_DIR; };
		C00000000000000000000002 = {isa = PBXFileSystemSynchronizedRootGroup; explicitFileTypes = {}; explicitFolders = (); path = WroughtWidgets; sourceTree = "<group>"; };
		C00000000000000000000004 = {isa = PBXNativeTarget; buildConfigurationList = C00000000000000000000008; buildPhases = (C00000000000000000000005, C00000000000000000000006, C00000000000000000000007); buildRules = (); dependencies = (); fileSystemSynchronizedGroups = (C00000000000000000000002, B00000000000000000000003); name = WroughtWidgets; productName = WroughtWidgets; productReference = C00000000000000000000001; productType = "com.apple.product-type.app-extension"; };
		C00000000000000000000005 = {isa = PBXSourcesBuildPhase; buildActionMask = 2147483647; files = (); runOnlyForDeploymentPostprocessing = 0; };
		C00000000000000000000006 = {isa = PBXFrameworksBuildPhase; buildActionMask = 2147483647; files = (); runOnlyForDeploymentPostprocessing = 0; };
		C00000000000000000000007 = {isa = PBXResourcesBuildPhase; buildActionMask = 2147483647; files = (); runOnlyForDeploymentPostprocessing = 0; };
		C00000000000000000000008 = {isa = XCConfigurationList; buildConfigurations = (C00000000000000000000009, C0000000000000000000000A); defaultConfigurationIsVisible = 0; defaultConfigurationName = Release; };
		C00000000000000000000009 = {isa = XCBuildConfiguration; name = Debug; buildSettings = {CODE_SIGN_STYLE = Automatic; DEVELOPMENT_TEAM = XV2M8W934A; CURRENT_PROJECT_VERSION = 8; MARKETING_VERSION = 1.1; GENERATE_INFOPLIST_FILE = NO; INFOPLIST_FILE = WidgetInfo.plist; PRODUCT_BUNDLE_IDENTIFIER = fit.wrought.app.workout-widget; PRODUCT_NAME = "$(TARGET_NAME)"; SDKROOT = iphoneos; IPHONEOS_DEPLOYMENT_TARGET = 16.4; TARGETED_DEVICE_FAMILY = "1,2"; SKIP_INSTALL = YES; APPLICATION_EXTENSION_API_ONLY = YES; SWIFT_VERSION = 5.0; }; };
		C0000000000000000000000A = {isa = XCBuildConfiguration; name = Release; buildSettings = {CODE_SIGN_STYLE = Automatic; DEVELOPMENT_TEAM = XV2M8W934A; CURRENT_PROJECT_VERSION = 8; MARKETING_VERSION = 1.1; GENERATE_INFOPLIST_FILE = NO; INFOPLIST_FILE = WidgetInfo.plist; PRODUCT_BUNDLE_IDENTIFIER = fit.wrought.app.workout-widget; PRODUCT_NAME = "$(TARGET_NAME)"; SDKROOT = iphoneos; IPHONEOS_DEPLOYMENT_TARGET = 16.4; TARGETED_DEVICE_FAMILY = "1,2"; SKIP_INSTALL = YES; APPLICATION_EXTENSION_API_ONLY = YES; SWIFT_VERSION = 5.0; }; };
		C0000000000000000000000B = {isa = PBXBuildFile; fileRef = C00000000000000000000001; settings = {ATTRIBUTES = (RemoveHeadersOnCopy); }; };
		C0000000000000000000000C = {isa = PBXCopyFilesBuildPhase; buildActionMask = 2147483647; dstPath = ""; dstSubfolderSpec = 13; files = (C0000000000000000000000B); name = "Embed App Extensions"; runOnlyForDeploymentPostprocessing = 0; };
		C0000000000000000000000D = {isa = PBXContainerItemProxy; containerPortal = A1B2C3D4E5F600000000000A; proxyType = 1; remoteGlobalIDString = C00000000000000000000004; remoteInfo = WroughtWidgets; };
		C0000000000000000000000E = {isa = PBXTargetDependency; target = C00000000000000000000004; targetProxy = C0000000000000000000000D; };
		B00000000000000000000001 = {isa = PBXFileReference; explicitFileType = wrapper.application; includeInIndex = 0; path = WroughtWatch.app; sourceTree = BUILT_PRODUCTS_DIR; };
		B00000000000000000000002 = {isa = PBXFileSystemSynchronizedRootGroup; explicitFileTypes = {}; explicitFolders = (); path = WroughtWatch; sourceTree = "<group>"; };
		B00000000000000000000003 = {isa = PBXFileSystemSynchronizedRootGroup; explicitFileTypes = {}; explicitFolders = (); path = Shared; sourceTree = "<group>"; };
		B00000000000000000000004 = {isa = PBXNativeTarget; buildConfigurationList = B00000000000000000000008; buildPhases = (B00000000000000000000005, B00000000000000000000006, B00000000000000000000007); buildRules = (); dependencies = (); fileSystemSynchronizedGroups = (B00000000000000000000002, B00000000000000000000003); name = WroughtWatch; productName = WroughtWatch; productReference = B00000000000000000000001; productType = "com.apple.product-type.application"; };
		B00000000000000000000005 = {isa = PBXSourcesBuildPhase; buildActionMask = 2147483647; files = (); runOnlyForDeploymentPostprocessing = 0; };
		B00000000000000000000006 = {isa = PBXFrameworksBuildPhase; buildActionMask = 2147483647; files = (); runOnlyForDeploymentPostprocessing = 0; };
		B00000000000000000000007 = {isa = PBXResourcesBuildPhase; buildActionMask = 2147483647; files = (); runOnlyForDeploymentPostprocessing = 0; };
		B00000000000000000000008 = {isa = XCConfigurationList; buildConfigurations = (B00000000000000000000009, B0000000000000000000000A); defaultConfigurationIsVisible = 0; defaultConfigurationName = Release; };
		B00000000000000000000009 = {isa = XCBuildConfiguration; name = Debug; buildSettings = {CODE_SIGN_STYLE = Automatic; CODE_SIGN_ENTITLEMENTS = WroughtWatch/WroughtWatch.entitlements; DEVELOPMENT_TEAM = XV2M8W934A; CURRENT_PROJECT_VERSION = 8; MARKETING_VERSION = 1.1; GENERATE_INFOPLIST_FILE = NO; INFOPLIST_FILE = WatchInfo.plist; ASSETCATALOG_COMPILER_APPICON_NAME = AppIcon; PRODUCT_BUNDLE_IDENTIFIER = fit.wrought.app.watchkitapp; PRODUCT_NAME = "$(TARGET_NAME)"; SDKROOT = watchos; SUPPORTED_PLATFORMS = "watchos watchsimulator"; WATCHOS_DEPLOYMENT_TARGET = 10.0; TARGETED_DEVICE_FAMILY = 4; SKIP_INSTALL = YES; SWIFT_VERSION = 5.0; }; };
		B0000000000000000000000A = {isa = XCBuildConfiguration; name = Release; buildSettings = {CODE_SIGN_STYLE = Automatic; CODE_SIGN_ENTITLEMENTS = WroughtWatch/WroughtWatch.entitlements; DEVELOPMENT_TEAM = XV2M8W934A; CURRENT_PROJECT_VERSION = 8; MARKETING_VERSION = 1.1; GENERATE_INFOPLIST_FILE = NO; INFOPLIST_FILE = WatchInfo.plist; ASSETCATALOG_COMPILER_APPICON_NAME = AppIcon; PRODUCT_BUNDLE_IDENTIFIER = fit.wrought.app.watchkitapp; PRODUCT_NAME = "$(TARGET_NAME)"; SDKROOT = watchos; SUPPORTED_PLATFORMS = "watchos watchsimulator"; WATCHOS_DEPLOYMENT_TARGET = 10.0; TARGETED_DEVICE_FAMILY = 4; SKIP_INSTALL = YES; SWIFT_VERSION = 5.0; }; };
		B0000000000000000000000B = {isa = PBXBuildFile; fileRef = B00000000000000000000001; settings = {ATTRIBUTES = (RemoveHeadersOnCopy); }; };
		B0000000000000000000000C = {isa = PBXCopyFilesBuildPhase; buildActionMask = 2147483647; dstPath = "$(CONTENTS_FOLDER_PATH)/Watch"; dstSubfolderSpec = 16; files = (B0000000000000000000000B); name = "Embed Watch Content"; runOnlyForDeploymentPostprocessing = 0; };
		B0000000000000000000000D = {isa = PBXContainerItemProxy; containerPortal = A1B2C3D4E5F600000000000A; proxyType = 1; remoteGlobalIDString = B00000000000000000000004; remoteInfo = WroughtWatch; };
		B0000000000000000000000E = {isa = PBXTargetDependency; target = B00000000000000000000004; targetProxy = B0000000000000000000000D; };

/* Begin PBXFileReference section */
		A1B2C3D4E5F6000000000004 /* Wrought.app */ = {isa = PBXFileReference; explicitFileType = wrapper.application; includeInIndex = 0; path = Wrought.app; sourceTree = BUILT_PRODUCTS_DIR; };
/* End PBXFileReference section */

/* Begin PBXFileSystemSynchronizedRootGroup section */
		A1B2C3D4E5F6000000000001 /* Wrought */ = {isa = PBXFileSystemSynchronizedRootGroup; explicitFileTypes = {}; explicitFolders = (); path = Wrought; sourceTree = "<group>"; };
/* End PBXFileSystemSynchronizedRootGroup section */

/* Begin PBXFrameworksBuildPhase section */
		A1B2C3D4E5F6000000000008 /* Frameworks */ = {
			isa = PBXFrameworksBuildPhase;
			buildActionMask = 2147483647;
			files = (
			);
			runOnlyForDeploymentPostprocessing = 0;
		};
/* End PBXFrameworksBuildPhase section */

/* Begin PBXGroup section */
		A1B2C3D4E5F6000000000002 = {
			isa = PBXGroup;
			children = (
				A1B2C3D4E5F6000000000001 /* Wrought */,
				B00000000000000000000002,
				C00000000000000000000002,
				B00000000000000000000003,
				A1B2C3D4E5F6000000000003 /* Products */,
			);
			sourceTree = "<group>";
		};
		A1B2C3D4E5F6000000000003 /* Products */ = {
			isa = PBXGroup;
			children = (
				A1B2C3D4E5F6000000000004 /* Wrought.app */,
				B00000000000000000000001,
				C00000000000000000000001,
			);
			name = Products;
			sourceTree = "<group>";
		};
/* End PBXGroup section */

/* Begin PBXNativeTarget section */
		A1B2C3D4E5F6000000000005 /* Wrought */ = {
			isa = PBXNativeTarget;
			buildConfigurationList = A1B2C3D4E5F6000000000006 /* Build configuration list for PBXNativeTarget "Wrought" */;
			buildPhases = (
				A1B2C3D4E5F6000000000007 /* Sources */,
				A1B2C3D4E5F6000000000008 /* Frameworks */,
				A1B2C3D4E5F6000000000009 /* Resources */,
				B0000000000000000000000C,
				C0000000000000000000000C,
			);
			buildRules = (
			);
			dependencies = (
				B0000000000000000000000E,
				C0000000000000000000000E,
			);
			fileSystemSynchronizedGroups = (
				A1B2C3D4E5F6000000000001 /* Wrought */,
				B00000000000000000000003,
			);
			name = Wrought;
			productName = Wrought;
			productReference = A1B2C3D4E5F6000000000004 /* Wrought.app */;
			productType = "com.apple.product-type.application";
		};
/* End PBXNativeTarget section */

/* Begin PBXProject section */
		A1B2C3D4E5F600000000000A /* Project object */ = {
			isa = PBXProject;
			attributes = {
				BuildIndependentTargetsInParallel = 1;
				LastSwiftUpdateCheck = 1600;
				LastUpgradeCheck = 1600;
				TargetAttributes = {
					A1B2C3D4E5F6000000000005 = {
						CreatedOnToolsVersion = 16.0;
					};
				};
			};
			buildConfigurationList = A1B2C3D4E5F600000000000B /* Build configuration list for PBXProject "Wrought" */;
			compatibilityVersion = "Xcode 15.0";
			developmentRegion = en;
			hasScannedForEncodings = 0;
			knownRegions = (
				en,
				Base,
			);
			mainGroup = A1B2C3D4E5F6000000000002;
			minimizedProjectReferenceProxies = 1;
			productRefGroup = A1B2C3D4E5F6000000000003 /* Products */;
			projectDirPath = "";
			projectRoot = "";
			targets = (
				A1B2C3D4E5F6000000000005 /* Wrought */,
				B00000000000000000000004,
				C00000000000000000000004,
			);
		};
/* End PBXProject section */

/* Begin PBXResourcesBuildPhase section */
		A1B2C3D4E5F6000000000009 /* Resources */ = {
			isa = PBXResourcesBuildPhase;
			buildActionMask = 2147483647;
			files = (
			);
			runOnlyForDeploymentPostprocessing = 0;
		};
/* End PBXResourcesBuildPhase section */

/* Begin PBXSourcesBuildPhase section */
		A1B2C3D4E5F6000000000007 /* Sources */ = {
			isa = PBXSourcesBuildPhase;
			buildActionMask = 2147483647;
			files = (
			);
			runOnlyForDeploymentPostprocessing = 0;
		};
/* End PBXSourcesBuildPhase section */

/* Begin XCBuildConfiguration section */
		A1B2C3D4E5F600000000000C /* Debug */ = {
			isa = XCBuildConfiguration;
			buildSettings = {
				ALWAYS_SEARCH_USER_PATHS = NO;
				ASSETCATALOG_COMPILER_GENERATE_SWIFT_ASSET_SYMBOL_EXTENSIONS = YES;
				CLANG_ANALYZER_NONNULL = YES;
				CLANG_ENABLE_MODULES = YES;
				CLANG_ENABLE_OBJC_ARC = YES;
				COPY_PHASE_STRIP = NO;
				DEBUG_INFORMATION_FORMAT = dwarf;
				ENABLE_STRICT_OBJC_MSGSEND = YES;
				ENABLE_TESTABILITY = YES;
				ENABLE_USER_SCRIPT_SANDBOXING = YES;
				GCC_C_LANGUAGE_STANDARD = gnu17;
				GCC_DYNAMIC_NO_PIC = NO;
				GCC_NO_COMMON_BLOCKS = YES;
				GCC_OPTIMIZATION_LEVEL = 0;
				GCC_PREPROCESSOR_DEFINITIONS = (
					"DEBUG=1",
					"$(inherited)",
				);
				IPHONEOS_DEPLOYMENT_TARGET = 16.4;
				LOCALIZATION_PREFERS_STRING_CATALOGS = YES;
				MTL_ENABLE_DEBUG_INFO = INCLUDE_SOURCE;
				MTL_FAST_MATH = YES;
				ONLY_ACTIVE_ARCH = YES;
				SDKROOT = iphoneos;
				SWIFT_ACTIVE_COMPILATION_CONDITIONS = "DEBUG $(inherited)";
				SWIFT_OPTIMIZATION_LEVEL = "-Onone";
			};
			name = Debug;
		};
		A1B2C3D4E5F600000000000D /* Release */ = {
			isa = XCBuildConfiguration;
			buildSettings = {
				ALWAYS_SEARCH_USER_PATHS = NO;
				ASSETCATALOG_COMPILER_GENERATE_SWIFT_ASSET_SYMBOL_EXTENSIONS = YES;
				CLANG_ANALYZER_NONNULL = YES;
				CLANG_ENABLE_MODULES = YES;
				CLANG_ENABLE_OBJC_ARC = YES;
				COPY_PHASE_STRIP = NO;
				DEBUG_INFORMATION_FORMAT = "dwarf-with-dsym";
				ENABLE_NS_ASSERTIONS = NO;
				ENABLE_STRICT_OBJC_MSGSEND = YES;
				ENABLE_USER_SCRIPT_SANDBOXING = YES;
				GCC_C_LANGUAGE_STANDARD = gnu17;
				GCC_NO_COMMON_BLOCKS = YES;
				IPHONEOS_DEPLOYMENT_TARGET = 16.4;
				LOCALIZATION_PREFERS_STRING_CATALOGS = YES;
				MTL_ENABLE_DEBUG_INFO = NO;
				MTL_FAST_MATH = YES;
				SDKROOT = iphoneos;
				SWIFT_COMPILATION_MODE = wholemodule;
				VALIDATE_PRODUCT = YES;
			};
			name = Release;
		};
		A1B2C3D4E5F600000000000E /* Debug */ = {
			isa = XCBuildConfiguration;
			buildSettings = {
				ASSETCATALOG_COMPILER_APPICON_NAME = AppIcon;
				ASSETCATALOG_COMPILER_GLOBAL_ACCENT_COLOR_NAME = AccentColor;
				CODE_SIGN_ENTITLEMENTS = Wrought/Wrought.entitlements;
				CODE_SIGN_STYLE = Automatic;
				CURRENT_PROJECT_VERSION = 8;
				DEVELOPMENT_TEAM = XV2M8W934A;
				ENABLE_PREVIEWS = YES;
				GENERATE_INFOPLIST_FILE = NO;
				INFOPLIST_FILE = Info.plist;
				IPHONEOS_DEPLOYMENT_TARGET = 16.4;
				LD_RUNPATH_SEARCH_PATHS = (
					"$(inherited)",
					"@executable_path/Frameworks",
				);
				MARKETING_VERSION = 1.1;
				PRODUCT_BUNDLE_IDENTIFIER = fit.wrought.app;
				PRODUCT_NAME = "$(TARGET_NAME)";
				SWIFT_EMIT_LOC_STRINGS = YES;
				SWIFT_VERSION = 5.0;
				TARGETED_DEVICE_FAMILY = 1;
			};
			name = Debug;
		};
		A1B2C3D4E5F600000000000F /* Release */ = {
			isa = XCBuildConfiguration;
			buildSettings = {
				ASSETCATALOG_COMPILER_APPICON_NAME = AppIcon;
				ASSETCATALOG_COMPILER_GLOBAL_ACCENT_COLOR_NAME = AccentColor;
				CODE_SIGN_ENTITLEMENTS = Wrought/Wrought.entitlements;
				CODE_SIGN_STYLE = Automatic;
				CURRENT_PROJECT_VERSION = 8;
				DEVELOPMENT_TEAM = XV2M8W934A;
				ENABLE_PREVIEWS = YES;
				GENERATE_INFOPLIST_FILE = NO;
				INFOPLIST_FILE = Info.plist;
				IPHONEOS_DEPLOYMENT_TARGET = 16.4;
				LD_RUNPATH_SEARCH_PATHS = (
					"$(inherited)",
					"@executable_path/Frameworks",
				);
				MARKETING_VERSION = 1.1;
				PRODUCT_BUNDLE_IDENTIFIER = fit.wrought.app;
				PRODUCT_NAME = "$(TARGET_NAME)";
				SWIFT_EMIT_LOC_STRINGS = YES;
				SWIFT_VERSION = 5.0;
				TARGETED_DEVICE_FAMILY = 1;
			};
			name = Release;
		};
/* End XCBuildConfiguration section */

/* Begin XCConfigurationList section */
		A1B2C3D4E5F6000000000006 /* Build configuration list for PBXNativeTarget "Wrought" */ = {
			isa = XCConfigurationList;
			buildConfigurations = (
				A1B2C3D4E5F600000000000E /* Debug */,
				A1B2C3D4E5F600000000000F /* Release */,
			);
			defaultConfigurationIsVisible = 0;
			defaultConfigurationName = Release;
		};
		A1B2C3D4E5F600000000000B /* Build configuration list for PBXProject "Wrought" */ = {
			isa = XCConfigurationList;
			buildConfigurations = (
				A1B2C3D4E5F600000000000C /* Debug */,
				A1B2C3D4E5F600000000000D /* Release */,
			);
			defaultConfigurationIsVisible = 0;
			defaultConfigurationName = Release;
		};
/* End XCConfigurationList section */
	};
	rootObject = A1B2C3D4E5F600000000000A /* Project object */;
}
